
Microsoft Visual Studio Solution File, Format Version 12.00
# Visual Studio Version 16
VisualStudioVersion = 16.0.30907.101
MinimumVisualStudioVersion = 10.0.40219.1
Project("{FAE04EC0-301F-11D3-BF4B-00C04F79EFBC}") = "CustomMenu", "CustomMenu.csproj", "{07BA8B09-43BB-4425-A130-9AFB9F216DD5}"
EndProject
Global
	GlobalSection(SolutionConfigurationPlatforms) = preSolution
		Debug|Any CPU = Debug|Any CPU
		Release|Any CPU = Release|Any CPU
	EndGlobalSection
	GlobalSection(ProjectConfigurationPlatforms) = postSolution
		{07BA8B09-43BB-4425-A130-9AFB9F216DD5}.Debug|Any CPU.ActiveCfg = Debug|Any CPU
		{07BA8B09-43BB-4425-A130-9AFB9F216DD5}.Debug|Any CPU.Build.0 = Debug|Any CPU
		{07BA8B09-43BB-4425-A130-9AFB9F216DD5}.Release|Any CPU.ActiveCfg = Release|Any CPU
		{07BA8B09-43BB-4425-A130-9AFB9F216DD5}.Release|Any CPU.Build.0 = Release|Any CPU
	EndGlobalSection
	GlobalSection(SolutionProperties) = preSolution
		HideSolutionNode = FALSE
	EndGlobalSection
	GlobalSection(ExtensibilityGlobals) = postSolution
		SolutionGuid = {00EDEE4A-E296-4E18-BEB9-A11BA74C4CFC}
	EndGlobalSection
EndGlobal
