
Microsoft Visual Studio Solution File, Format Version 12.00
# Visual Studio Version 17
VisualStudioVersion = 17.0.31717.71
MinimumVisualStudioVersion = 10.0.40219.1
Project("{9A19103F-16F7-4668-BE54-9A1E7A4F7556}") = "SiteBuilder", "SiteBuilder\SiteBuilder.csproj", "{07089C3E-252D-403E-BD23-6EF2500E9A08}"
EndProject
Project("{9A19103F-16F7-4668-BE54-9A1E7A4F7556}") = "SiteTests", "SiteTests\SiteTests.csproj", "{658FB7A2-F78C-4EC0-825A-530DBB7F95D7}"
EndProject
Global
	GlobalSection(SolutionConfigurationPlatforms) = preSolution
		Debug|Any CPU = Debug|Any CPU
		Release|Any CPU = Release|Any CPU
	EndGlobalSection
	GlobalSection(ProjectConfigurationPlatforms) = postSolution
		{07089C3E-252D-403E-BD23-6EF2500E9A08}.Debug|Any CPU.ActiveCfg = Debug|Any CPU
		{07089C3E-252D-403E-BD23-6EF2500E9A08}.Debug|Any CPU.Build.0 = Debug|Any CPU
		{07089C3E-252D-403E-BD23-6EF2500E9A08}.Release|Any CPU.ActiveCfg = Release|Any CPU
		{07089C3E-252D-403E-BD23-6EF2500E9A08}.Release|Any CPU.Build.0 = Release|Any CPU
		{658FB7A2-F78C-4EC0-825A-530DBB7F95D7}.Debug|Any CPU.ActiveCfg = Debug|Any CPU
		{658FB7A2-F78C-4EC0-825A-530DBB7F95D7}.Debug|Any CPU.Build.0 = Debug|Any CPU
		{658FB7A2-F78C-4EC0-825A-530DBB7F95D7}.Release|Any CPU.ActiveCfg = Release|Any CPU
		{658FB7A2-F78C-4EC0-825A-530DBB7F95D7}.Release|Any CPU.Build.0 = Release|Any CPU
	EndGlobalSection
	GlobalSection(SolutionProperties) = preSolution
		HideSolutionNode = FALSE
	EndGlobalSection
	GlobalSection(ExtensibilityGlobals) = postSolution
		SolutionGuid = {31E4679C-A571-4353-937D-E8BE34E9D08B}
	EndGlobalSection
EndGlobal
