
Microsoft Visual Studio Solution File, Format Version 12.00
# Visual Studio Version 16
VisualStudioVersion = 16.0.30907.101
MinimumVisualStudioVersion = 10.0.40219.1
Project("{FAE04EC0-301F-11D3-BF4B-00C04F79EFBC}") = "CustomMenu", "CustomMenu.csproj", "{1248399F-43BD-4620-AB0D-46FEA9AB239A}"
EndProject
Global
	GlobalSection(SolutionConfigurationPlatforms) = preSolution
		Debug|Any CPU = Debug|Any CPU
		Release|Any CPU = Release|Any CPU
	EndGlobalSection
	GlobalSection(ProjectConfigurationPlatforms) = postSolution
		{1248399F-43BD-4620-AB0D-46FEA9AB239A}.Debug|Any CPU.ActiveCfg = Debug|Any CPU
		{1248399F-43BD-4620-AB0D-46FEA9AB239A}.Debug|Any CPU.Build.0 = Debug|Any CPU
		{1248399F-43BD-4620-AB0D-46FEA9AB239A}.Release|Any CPU.ActiveCfg = Release|Any CPU
		{1248399F-43BD-4620-AB0D-46FEA9AB239A}.Release|Any CPU.Build.0 = Release|Any CPU
	EndGlobalSection
	GlobalSection(SolutionProperties) = preSolution
		HideSolutionNode = FALSE
	EndGlobalSection
	GlobalSection(ExtensibilityGlobals) = postSolution
		SolutionGuid = {E44EDF08-DB40-4221-B54C-F0656CD7BCC7}
	EndGlobalSection
EndGlobal
