
Microsoft Visual Studio Solution File, Format Version 12.00
# Visual Studio Version 16
VisualStudioVersion = 16.0.31019.35
MinimumVisualStudioVersion = 10.0.40219.1
Project("{FAE04EC0-301F-11D3-BF4B-00C04F79EFBC}") = "WinFormsDemo", "WinFormsDemo.csproj", "{8BB2F707-F961-44FD-8D50-A5681976EB3B}"
EndProject
Global
	GlobalSection(SolutionConfigurationPlatforms) = preSolution
		Debug|Any CPU = Debug|Any CPU
		Release|Any CPU = Release|Any CPU
	EndGlobalSection
	GlobalSection(ProjectConfigurationPlatforms) = postSolution
		{8BB2F707-F961-44FD-8D50-A5681976EB3B}.Debug|Any CPU.ActiveCfg = Debug|Any CPU
		{8BB2F707-F961-44FD-8D50-A5681976EB3B}.Debug|Any CPU.Build.0 = Debug|Any CPU
		{8BB2F707-F961-44FD-8D50-A5681976EB3B}.Release|Any CPU.ActiveCfg = Release|Any CPU
		{8BB2F707-F961-44FD-8D50-A5681976EB3B}.Release|Any CPU.Build.0 = Release|Any CPU
	EndGlobalSection
	GlobalSection(SolutionProperties) = preSolution
		HideSolutionNode = FALSE
	EndGlobalSection
	GlobalSection(ExtensibilityGlobals) = postSolution
		SolutionGuid = {4E094166-3F51-48ED-ACC9-48065B2D0840}
	EndGlobalSection
EndGlobal
